
Microsoft Visual Studio Solution File, Format Version 12.00
# Visual Studio Version 16
VisualStudioVersion = 16.0.808.10
MinimumVisualStudioVersion = 10.0.40219.1
Project("{FAE04EC0-301F-11D3-BF4B-00C04F79EFBC}") = "RMendAPI", "RMendAPI.csproj", "{D1BDEFD3-CEB1-49DF-983C-A940BDF4907F}"
EndProject
Global
	GlobalSection(SolutionConfigurationPlatforms) = preSolution
		Debug|Any CPU = Debug|Any CPU
		Release|Any CPU = Release|Any CPU
	EndGlobalSection
	GlobalSection(ProjectConfigurationPlatforms) = postSolution
		{D1BDEFD3-CEB1-49DF-983C-A940BDF4907F}.Debug|Any CPU.ActiveCfg = Debug|Any CPU
		{D1BDEFD3-CEB1-49DF-983C-A940BDF4907F}.Debug|Any CPU.Build.0 = Debug|Any CPU
		{D1BDEFD3-CEB1-49DF-983C-A940BDF4907F}.Release|Any CPU.ActiveCfg = Release|Any CPU
		{D1BDEFD3-CEB1-49DF-983C-A940BDF4907F}.Release|Any CPU.Build.0 = Release|Any CPU
	EndGlobalSection
	GlobalSection(SolutionProperties) = preSolution
		HideSolutionNode = FALSE
	EndGlobalSection
	GlobalSection(ExtensibilityGlobals) = postSolution
		SolutionGuid = {5E07D270-4A7C-4936-93AA-321DCFC2078B}
	EndGlobalSection
EndGlobal
